
Microsoft Visual Studio Solution File, Format Version 12.00
# Visual Studio 15
VisualStudioVersion = 15.0.26730.8
MinimumVisualStudioVersion = 10.0.40219.1
Project("{FAE04EC0-301F-11D3-BF4B-00C04F79EFBC}") = "MisPersonasApp.Android", "MisPersonasApp\MisPersonasApp.Android\MisPersonasApp.Android.csproj", "{B0EE4C06-AF0F-4DCA-9619-E4759527139C}"
EndProject
Project("{FAE04EC0-301F-11D3-BF4B-00C04F79EFBC}") = "MisPersonasApp", "MisPersonasApp\MisPersonasApp\MisPersonasApp.csproj", "{8B7203A3-E206-40E4-8271-3BFEA920720A}"
EndProject
Project("{FAE04EC0-301F-11D3-BF4B-00C04F79EFBC}") = "MisPersonasApp.UWP", "MisPersonasApp\MisPersonasApp.UWP\MisPersonasApp.UWP.csproj", "{672D56DF-8AE6-4FCE-9F44-A043E27675CC}"
EndProject
Project("{FAE04EC0-301F-11D3-BF4B-00C04F79EFBC}") = "MisPersonasApp.iOS", "MisPersonasApp\MisPersonasApp.iOS\MisPersonasApp.iOS.csproj", "{D7C7EAA6-ED59-4A0E-B40E-14825668FDF1}"
EndProject
Project("{FAE04EC0-301F-11D3-BF4B-00C04F79EFBC}") = "MisPersonasApi", "MisPersonasApi\MisPersonasApi.csproj", "{104C489E-3986-491B-ACEA-AA4D68A172CF}"
EndProject
Project("{00D1A9C2-B5F0-4AF3-8072-F6C62B433612}") = "MisPersonasDatabase", "MisPersonasDatabase\MisPersonasDatabase.sqlproj", "{93BFC07A-A6FF-435D-B922-B6115D0CF150}"
EndProject
Project("{2150E333-8FDC-42A3-9474-1A3956D46DE8}") = "MisPersonasApp", "MisPersonasApp", "{C31E6192-17A9-40A3-AA37-B0C140211DE7}"
EndProject
Global
	GlobalSection(SolutionConfigurationPlatforms) = preSolution
		Ad-Hoc|Any CPU = Ad-Hoc|Any CPU
		Ad-Hoc|ARM = Ad-Hoc|ARM
		Ad-Hoc|iPhone = Ad-Hoc|iPhone
		Ad-Hoc|iPhoneSimulator = Ad-Hoc|iPhoneSimulator
		Ad-Hoc|x64 = Ad-Hoc|x64
		Ad-Hoc|x86 = Ad-Hoc|x86
		AppStore|Any CPU = AppStore|Any CPU
		AppStore|ARM = AppStore|ARM
		AppStore|iPhone = AppStore|iPhone
		AppStore|iPhoneSimulator = AppStore|iPhoneSimulator
		AppStore|x64 = AppStore|x64
		AppStore|x86 = AppStore|x86
		Debug|Any CPU = Debug|Any CPU
		Debug|ARM = Debug|ARM
		Debug|iPhone = Debug|iPhone
		Debug|iPhoneSimulator = Debug|iPhoneSimulator
		Debug|x64 = Debug|x64
		Debug|x86 = Debug|x86
		Release|Any CPU = Release|Any CPU
		Release|ARM = Release|ARM
		Release|iPhone = Release|iPhone
		Release|iPhoneSimulator = Release|iPhoneSimulator
		Release|x64 = Release|x64
		Release|x86 = Release|x86
	EndGlobalSection
	GlobalSection(ProjectConfigurationPlatforms) = postSolution
		{B0EE4C06-AF0F-4DCA-9619-E4759527139C}.Ad-Hoc|Any CPU.ActiveCfg = Release|Any CPU
		{B0EE4C06-AF0F-4DCA-9619-E4759527139C}.Ad-Hoc|Any CPU.Build.0 = Release|Any CPU
		{B0EE4C06-AF0F-4DCA-9619-E4759527139C}.Ad-Hoc|Any CPU.Deploy.0 = Release|Any CPU
		{B0EE4C06-AF0F-4DCA-9619-E4759527139C}.Ad-Hoc|ARM.ActiveCfg = Release|Any CPU
		{B0EE4C06-AF0F-4DCA-9619-E4759527139C}.Ad-Hoc|ARM.Build.0 = Release|Any CPU
		{B0EE4C06-AF0F-4DCA-9619-E4759527139C}.Ad-Hoc|ARM.Deploy.0 = Release|Any CPU
		{B0EE4C06-AF0F-4DCA-9619-E4759527139C}.Ad-Hoc|iPhone.ActiveCfg = Release|Any CPU
		{B0EE4C06-AF0F-4DCA-9619-E4759527139C}.Ad-Hoc|iPhone.Build.0 = Release|Any CPU
		{B0EE4C06-AF0F-4DCA-9619-E4759527139C}.Ad-Hoc|iPhone.Deploy.0 = Release|Any CPU
		{B0EE4C06-AF0F-4DCA-9619-E4759527139C}.Ad-Hoc|iPhoneSimulator.ActiveCfg = Release|Any CPU
		{B0EE4C06-AF0F-4DCA-9619-E4759527139C}.Ad-Hoc|iPhoneSimulator.Build.0 = Release|Any CPU
		{B0EE4C06-AF0F-4DCA-9619-E4759527139C}.Ad-Hoc|iPhoneSimulator.Deploy.0 = Release|Any CPU
		{B0EE4C06-AF0F-4DCA-9619-E4759527139C}.Ad-Hoc|x64.ActiveCfg = Release|Any CPU
		{B0EE4C06-AF0F-4DCA-9619-E4759527139C}.Ad-Hoc|x64.Build.0 = Release|Any CPU
		{B0EE4C06-AF0F-4DCA-9619-E4759527139C}.Ad-Hoc|x64.Deploy.0 = Release|Any CPU
		{B0EE4C06-AF0F-4DCA-9619-E4759527139C}.Ad-Hoc|x86.ActiveCfg = Release|Any CPU
		{B0EE4C06-AF0F-4DCA-9619-E4759527139C}.Ad-Hoc|x86.Build.0 = Release|Any CPU
		{B0EE4C06-AF0F-4DCA-9619-E4759527139C}.Ad-Hoc|x86.Deploy.0 = Release|Any CPU
		{B0EE4C06-AF0F-4DCA-9619-E4759527139C}.AppStore|Any CPU.ActiveCfg = Release|Any CPU
		{B0EE4C06-AF0F-4DCA-9619-E4759527139C}.AppStore|Any CPU.Build.0 = Release|Any CPU
		{B0EE4C06-AF0F-4DCA-9619-E4759527139C}.AppStore|Any CPU.Deploy.0 = Release|Any CPU
		{B0EE4C06-AF0F-4DCA-9619-E4759527139C}.AppStore|ARM.ActiveCfg = Release|Any CPU
		{B0EE4C06-AF0F-4DCA-9619-E4759527139C}.AppStore|ARM.Build.0 = Release|Any CPU
		{B0EE4C06-AF0F-4DCA-9619-E4759527139C}.AppStore|ARM.Deploy.0 = Release|Any CPU
		{B0EE4C06-AF0F-4DCA-9619-E4759527139C}.AppStore|iPhone.ActiveCfg = Release|Any CPU
		{B0EE4C06-AF0F-4DCA-9619-E4759527139C}.AppStore|iPhone.Build.0 = Release|Any CPU
		{B0EE4C06-AF0F-4DCA-9619-E4759527139C}.AppStore|iPhone.Deploy.0 = Release|Any CPU
		{B0EE4C06-AF0F-4DCA-9619-E4759527139C}.AppStore|iPhoneSimulator.ActiveCfg = Release|Any CPU
		{B0EE4C06-AF0F-4DCA-9619-E4759527139C}.AppStore|iPhoneSimulator.Build.0 = Release|Any CPU
		{B0EE4C06-AF0F-4DCA-9619-E4759527139C}.AppStore|iPhoneSimulator.Deploy.0 = Release|Any CPU
		{B0EE4C06-AF0F-4DCA-9619-E4759527139C}.AppStore|x64.ActiveCfg = Release|Any CPU
		{B0EE4C06-AF0F-4DCA-9619-E4759527139C}.AppStore|x64.Build.0 = Release|Any CPU
		{B0EE4C06-AF0F-4DCA-9619-E4759527139C}.AppStore|x64.Deploy.0 = Release|Any CPU
		{B0EE4C06-AF0F-4DCA-9619-E4759527139C}.AppStore|x86.ActiveCfg = Release|Any CPU
		{B0EE4C06-AF0F-4DCA-9619-E4759527139C}.AppStore|x86.Build.0 = Release|Any CPU
		{B0EE4C06-AF0F-4DCA-9619-E4759527139C}.AppStore|x86.Deploy.0 = Release|Any CPU
		{B0EE4C06-AF0F-4DCA-9619-E4759527139C}.Debug|Any CPU.ActiveCfg = Debug|Any CPU
		{B0EE4C06-AF0F-4DCA-9619-E4759527139C}.Debug|Any CPU.Build.0 = Debug|Any CPU
		{B0EE4C06-AF0F-4DCA-9619-E4759527139C}.Debug|Any CPU.Deploy.0 = Debug|Any CPU
		{B0EE4C06-AF0F-4DCA-9619-E4759527139C}.Debug|ARM.ActiveCfg = Debug|Any CPU
		{B0EE4C06-AF0F-4DCA-9619-E4759527139C}.Debug|ARM.Build.0 = Debug|Any CPU
		{B0EE4C06-AF0F-4DCA-9619-E4759527139C}.Debug|ARM.Deploy.0 = Debug|Any CPU
		{B0EE4C06-AF0F-4DCA-9619-E4759527139C}.Debug|iPhone.ActiveCfg = Debug|Any CPU
		{B0EE4C06-AF0F-4DCA-9619-E4759527139C}.Debug|iPhone.Build.0 = Debug|Any CPU
		{B0EE4C06-AF0F-4DCA-9619-E4759527139C}.Debug|iPhone.Deploy.0 = Debug|Any CPU
		{B0EE4C06-AF0F-4DCA-9619-E4759527139C}.Debug|iPhoneSimulator.ActiveCfg = Debug|Any CPU
		{B0EE4C06-AF0F-4DCA-9619-E4759527139C}.Debug|iPhoneSimulator.Build.0 = Debug|Any CPU
		{B0EE4C06-AF0F-4DCA-9619-E4759527139C}.Debug|iPhoneSimulator.Deploy.0 = Debug|Any CPU
		{B0EE4C06-AF0F-4DCA-9619-E4759527139C}.Debug|x64.ActiveCfg = Debug|Any CPU
		{B0EE4C06-AF0F-4DCA-9619-E4759527139C}.Debug|x64.Build.0 = Debug|Any CPU
		{B0EE4C06-AF0F-4DCA-9619-E4759527139C}.Debug|x64.Deploy.0 = Debug|Any CPU
		{B0EE4C06-AF0F-4DCA-9619-E4759527139C}.Debug|x86.ActiveCfg = Debug|Any CPU
		{B0EE4C06-AF0F-4DCA-9619-E4759527139C}.Debug|x86.Build.0 = Debug|Any CPU
		{B0EE4C06-AF0F-4DCA-9619-E4759527139C}.Debug|x86.Deploy.0 = Debug|Any CPU
		{B0EE4C06-AF0F-4DCA-9619-E4759527139C}.Release|Any CPU.ActiveCfg = Release|Any CPU
		{B0EE4C06-AF0F-4DCA-9619-E4759527139C}.Release|Any CPU.Build.0 = Release|Any CPU
		{B0EE4C06-AF0F-4DCA-9619-E4759527139C}.Release|Any CPU.Deploy.0 = Release|Any CPU
		{B0EE4C06-AF0F-4DCA-9619-E4759527139C}.Release|ARM.ActiveCfg = Release|Any CPU
		{B0EE4C06-AF0F-4DCA-9619-E4759527139C}.Release|ARM.Build.0 = Release|Any CPU
		{B0EE4C06-AF0F-4DCA-9619-E4759527139C}.Release|ARM.Deploy.0 = Release|Any CPU
		{B0EE4C06-AF0F-4DCA-9619-E4759527139C}.Release|iPhone.ActiveCfg = Release|Any CPU
		{B0EE4C06-AF0F-4DCA-9619-E4759527139C}.Release|iPhone.Build.0 = Release|Any CPU
		{B0EE4C06-AF0F-4DCA-9619-E4759527139C}.Release|iPhone.Deploy.0 = Release|Any CPU
		{B0EE4C06-AF0F-4DCA-9619-E4759527139C}.Release|iPhoneSimulator.ActiveCfg = Release|Any CPU
		{B0EE4C06-AF0F-4DCA-9619-E4759527139C}.Release|iPhoneSimulator.Build.0 = Release|Any CPU
		{B0EE4C06-AF0F-4DCA-9619-E4759527139C}.Release|iPhoneSimulator.Deploy.0 = Release|Any CPU
		{B0EE4C06-AF0F-4DCA-9619-E4759527139C}.Release|x64.ActiveCfg = Release|Any CPU
		{B0EE4C06-AF0F-4DCA-9619-E4759527139C}.Release|x64.Build.0 = Release|Any CPU
		{B0EE4C06-AF0F-4DCA-9619-E4759527139C}.Release|x64.Deploy.0 = Release|Any CPU
		{B0EE4C06-AF0F-4DCA-9619-E4759527139C}.Release|x86.ActiveCfg = Release|Any CPU
		{B0EE4C06-AF0F-4DCA-9619-E4759527139C}.Release|x86.Build.0 = Release|Any CPU
		{B0EE4C06-AF0F-4DCA-9619-E4759527139C}.Release|x86.Deploy.0 = Release|Any CPU
		{8B7203A3-E206-40E4-8271-3BFEA920720A}.Ad-Hoc|Any CPU.ActiveCfg = Release|Any CPU
		{8B7203A3-E206-40E4-8271-3BFEA920720A}.Ad-Hoc|Any CPU.Build.0 = Release|Any CPU
		{8B7203A3-E206-40E4-8271-3BFEA920720A}.Ad-Hoc|ARM.ActiveCfg = Release|Any CPU
		{8B7203A3-E206-40E4-8271-3BFEA920720A}.Ad-Hoc|ARM.Build.0 = Release|Any CPU
		{8B7203A3-E206-40E4-8271-3BFEA920720A}.Ad-Hoc|iPhone.ActiveCfg = Release|Any CPU
		{8B7203A3-E206-40E4-8271-3BFEA920720A}.Ad-Hoc|iPhone.Build.0 = Release|Any CPU
		{8B7203A3-E206-40E4-8271-3BFEA920720A}.Ad-Hoc|iPhoneSimulator.ActiveCfg = Release|Any CPU
		{8B7203A3-E206-40E4-8271-3BFEA920720A}.Ad-Hoc|iPhoneSimulator.Build.0 = Release|Any CPU
		{8B7203A3-E206-40E4-8271-3BFEA920720A}.Ad-Hoc|x64.ActiveCfg = Release|Any CPU
		{8B7203A3-E206-40E4-8271-3BFEA920720A}.Ad-Hoc|x64.Build.0 = Release|Any CPU
		{8B7203A3-E206-40E4-8271-3BFEA920720A}.Ad-Hoc|x86.ActiveCfg = Release|Any CPU
		{8B7203A3-E206-40E4-8271-3BFEA920720A}.Ad-Hoc|x86.Build.0 = Release|Any CPU
		{8B7203A3-E206-40E4-8271-3BFEA920720A}.AppStore|Any CPU.ActiveCfg = Release|Any CPU
		{8B7203A3-E206-40E4-8271-3BFEA920720A}.AppStore|Any CPU.Build.0 = Release|Any CPU
		{8B7203A3-E206-40E4-8271-3BFEA920720A}.AppStore|ARM.ActiveCfg = Release|Any CPU
		{8B7203A3-E206-40E4-8271-3BFEA920720A}.AppStore|ARM.Build.0 = Release|Any CPU
		{8B7203A3-E206-40E4-8271-3BFEA920720A}.AppStore|iPhone.ActiveCfg = Release|Any CPU
		{8B7203A3-E206-40E4-8271-3BFEA920720A}.AppStore|iPhone.Build.0 = Release|Any CPU
		{8B7203A3-E206-40E4-8271-3BFEA920720A}.AppStore|iPhoneSimulator.ActiveCfg = Release|Any CPU
		{8B7203A3-E206-40E4-8271-3BFEA920720A}.AppStore|iPhoneSimulator.Build.0 = Release|Any CPU
		{8B7203A3-E206-40E4-8271-3BFEA920720A}.AppStore|x64.ActiveCfg = Release|Any CPU
		{8B7203A3-E206-40E4-8271-3BFEA920720A}.AppStore|x64.Build.0 = Release|Any CPU
		{8B7203A3-E206-40E4-8271-3BFEA920720A}.AppStore|x86.ActiveCfg = Release|Any CPU
		{8B7203A3-E206-40E4-8271-3BFEA920720A}.AppStore|x86.Build.0 = Release|Any CPU
		{8B7203A3-E206-40E4-8271-3BFEA920720A}.Debug|Any CPU.ActiveCfg = Debug|Any CPU
		{8B7203A3-E206-40E4-8271-3BFEA920720A}.Debug|Any CPU.Build.0 = Debug|Any CPU
		{8B7203A3-E206-40E4-8271-3BFEA920720A}.Debug|ARM.ActiveCfg = Debug|Any CPU
		{8B7203A3-E206-40E4-8271-3BFEA920720A}.Debug|ARM.Build.0 = Debug|Any CPU
		{8B7203A3-E206-40E4-8271-3BFEA920720A}.Debug|iPhone.ActiveCfg = Debug|Any CPU
		{8B7203A3-E206-40E4-8271-3BFEA920720A}.Debug|iPhone.Build.0 = Debug|Any CPU
		{8B7203A3-E206-40E4-8271-3BFEA920720A}.Debug|iPhoneSimulator.ActiveCfg = Debug|Any CPU
		{8B7203A3-E206-40E4-8271-3BFEA920720A}.Debug|iPhoneSimulator.Build.0 = Debug|Any CPU
		{8B7203A3-E206-40E4-8271-3BFEA920720A}.Debug|x64.ActiveCfg = Debug|Any CPU
		{8B7203A3-E206-40E4-8271-3BFEA920720A}.Debug|x64.Build.0 = Debug|Any CPU
		{8B7203A3-E206-40E4-8271-3BFEA920720A}.Debug|x86.ActiveCfg = Debug|Any CPU
		{8B7203A3-E206-40E4-8271-3BFEA920720A}.Debug|x86.Build.0 = Debug|Any CPU
		{8B7203A3-E206-40E4-8271-3BFEA920720A}.Release|Any CPU.ActiveCfg = Release|Any CPU
		{8B7203A3-E206-40E4-8271-3BFEA920720A}.Release|Any CPU.Build.0 = Release|Any CPU
		{8B7203A3-E206-40E4-8271-3BFEA920720A}.Release|ARM.ActiveCfg = Release|Any CPU
		{8B7203A3-E206-40E4-8271-3BFEA920720A}.Release|ARM.Build.0 = Release|Any CPU
		{8B7203A3-E206-40E4-8271-3BFEA920720A}.Release|iPhone.ActiveCfg = Release|Any CPU
		{8B7203A3-E206-40E4-8271-3BFEA920720A}.Release|iPhone.Build.0 = Release|Any CPU
		{8B7203A3-E206-40E4-8271-3BFEA920720A}.Release|iPhoneSimulator.ActiveCfg = Release|Any CPU
		{8B7203A3-E206-40E4-8271-3BFEA920720A}.Release|iPhoneSimulator.Build.0 = Release|Any CPU
		{8B7203A3-E206-40E4-8271-3BFEA920720A}.Release|x64.ActiveCfg = Release|Any CPU
		{8B7203A3-E206-40E4-8271-3BFEA920720A}.Release|x64.Build.0 = Release|Any CPU
		{8B7203A3-E206-40E4-8271-3BFEA920720A}.Release|x86.ActiveCfg = Release|Any CPU
		{8B7203A3-E206-40E4-8271-3BFEA920720A}.Release|x86.Build.0 = Release|Any CPU
		{672D56DF-8AE6-4FCE-9F44-A043E27675CC}.Ad-Hoc|Any CPU.ActiveCfg = Release|x86
		{672D56DF-8AE6-4FCE-9F44-A043E27675CC}.Ad-Hoc|Any CPU.Build.0 = Release|x86
		{672D56DF-8AE6-4FCE-9F44-A043E27675CC}.Ad-Hoc|Any CPU.Deploy.0 = Release|x86
		{672D56DF-8AE6-4FCE-9F44-A043E27675CC}.Ad-Hoc|ARM.ActiveCfg = Release|ARM
		{672D56DF-8AE6-4FCE-9F44-A043E27675CC}.Ad-Hoc|ARM.Build.0 = Release|ARM
		{672D56DF-8AE6-4FCE-9F44-A043E27675CC}.Ad-Hoc|ARM.Deploy.0 = Release|ARM
		{672D56DF-8AE6-4FCE-9F44-A043E27675CC}.Ad-Hoc|iPhone.ActiveCfg = Release|x86
		{672D56DF-8AE6-4FCE-9F44-A043E27675CC}.Ad-Hoc|iPhone.Build.0 = Release|x86
		{672D56DF-8AE6-4FCE-9F44-A043E27675CC}.Ad-Hoc|iPhone.Deploy.0 = Release|x86
		{672D56DF-8AE6-4FCE-9F44-A043E27675CC}.Ad-Hoc|iPhoneSimulator.ActiveCfg = Release|x86
		{672D56DF-8AE6-4FCE-9F44-A043E27675CC}.Ad-Hoc|iPhoneSimulator.Build.0 = Release|x86
		{672D56DF-8AE6-4FCE-9F44-A043E27675CC}.Ad-Hoc|iPhoneSimulator.Deploy.0 = Release|x86
		{672D56DF-8AE6-4FCE-9F44-A043E27675CC}.Ad-Hoc|x64.ActiveCfg = Release|x64
		{672D56DF-8AE6-4FCE-9F44-A043E27675CC}.Ad-Hoc|x64.Build.0 = Release|x64
		{672D56DF-8AE6-4FCE-9F44-A043E27675CC}.Ad-Hoc|x64.Deploy.0 = Release|x64
		{672D56DF-8AE6-4FCE-9F44-A043E27675CC}.Ad-Hoc|x86.ActiveCfg = Release|x86
		{672D56DF-8AE6-4FCE-9F44-A043E27675CC}.Ad-Hoc|x86.Build.0 = Release|x86
		{672D56DF-8AE6-4FCE-9F44-A043E27675CC}.Ad-Hoc|x86.Deploy.0 = Release|x86
		{672D56DF-8AE6-4FCE-9F44-A043E27675CC}.AppStore|Any CPU.ActiveCfg = Release|x86
		{672D56DF-8AE6-4FCE-9F44-A043E27675CC}.AppStore|Any CPU.Build.0 = Release|x86
		{672D56DF-8AE6-4FCE-9F44-A043E27675CC}.AppStore|Any CPU.Deploy.0 = Release|x86
		{672D56DF-8AE6-4FCE-9F44-A043E27675CC}.AppStore|ARM.ActiveCfg = Release|ARM
		{672D56DF-8AE6-4FCE-9F44-A043E27675CC}.AppStore|ARM.Build.0 = Release|ARM
		{672D56DF-8AE6-4FCE-9F44-A043E27675CC}.AppStore|ARM.Deploy.0 = Release|ARM
		{672D56DF-8AE6-4FCE-9F44-A043E27675CC}.AppStore|iPhone.ActiveCfg = Release|x86
		{672D56DF-8AE6-4FCE-9F44-A043E27675CC}.AppStore|iPhone.Build.0 = Release|x86
		{672D56DF-8AE6-4FCE-9F44-A043E27675CC}.AppStore|iPhone.Deploy.0 = Release|x86
		{672D56DF-8AE6-4FCE-9F44-A043E27675CC}.AppStore|iPhoneSimulator.ActiveCfg = Release|x86
		{672D56DF-8AE6-4FCE-9F44-A043E27675CC}.AppStore|iPhoneSimulator.Build.0 = Release|x86
		{672D56DF-8AE6-4FCE-9F44-A043E27675CC}.AppStore|iPhoneSimulator.Deploy.0 = Release|x86
		{672D56DF-8AE6-4FCE-9F44-A043E27675CC}.AppStore|x64.ActiveCfg = Release|x64
		{672D56DF-8AE6-4FCE-9F44-A043E27675CC}.AppStore|x64.Build.0 = Release|x64
		{672D56DF-8AE6-4FCE-9F44-A043E27675CC}.AppStore|x64.Deploy.0 = Release|x64
		{672D56DF-8AE6-4FCE-9F44-A043E27675CC}.AppStore|x86.ActiveCfg = Release|x86
		{672D56DF-8AE6-4FCE-9F44-A043E27675CC}.AppStore|x86.Build.0 = Release|x86
		{672D56DF-8AE6-4FCE-9F44-A043E27675CC}.AppStore|x86.Deploy.0 = Release|x86
		{672D56DF-8AE6-4FCE-9F44-A043E27675CC}.Debug|Any CPU.ActiveCfg = Debug|x86
		{672D56DF-8AE6-4FCE-9F44-A043E27675CC}.Debug|ARM.ActiveCfg = Debug|ARM
		{672D56DF-8AE6-4FCE-9F44-A043E27675CC}.Debug|ARM.Build.0 = Debug|ARM
		{672D56DF-8AE6-4FCE-9F44-A043E27675CC}.Debug|ARM.Deploy.0 = Debug|ARM
		{672D56DF-8AE6-4FCE-9F44-A043E27675CC}.Debug|iPhone.ActiveCfg = Debug|x86
		{672D56DF-8AE6-4FCE-9F44-A043E27675CC}.Debug|iPhoneSimulator.ActiveCfg = Debug|x86
		{672D56DF-8AE6-4FCE-9F44-A043E27675CC}.Debug|x64.ActiveCfg = Debug|x64
		{672D56DF-8AE6-4FCE-9F44-A043E27675CC}.Debug|x64.Build.0 = Debug|x64
		{672D56DF-8AE6-4FCE-9F44-A043E27675CC}.Debug|x64.Deploy.0 = Debug|x64
		{672D56DF-8AE6-4FCE-9F44-A043E27675CC}.Debug|x86.ActiveCfg = Debug|x86
		{672D56DF-8AE6-4FCE-9F44-A043E27675CC}.Debug|x86.Build.0 = Debug|x86
		{672D56DF-8AE6-4FCE-9F44-A043E27675CC}.Debug|x86.Deploy.0 = Debug|x86
		{672D56DF-8AE6-4FCE-9F44-A043E27675CC}.Release|Any CPU.ActiveCfg = Release|x86
		{672D56DF-8AE6-4FCE-9F44-A043E27675CC}.Release|ARM.ActiveCfg = Release|ARM
		{672D56DF-8AE6-4FCE-9F44-A043E27675CC}.Release|ARM.Build.0 = Release|ARM
		{672D56DF-8AE6-4FCE-9F44-A043E27675CC}.Release|ARM.Deploy.0 = Release|ARM
		{672D56DF-8AE6-4FCE-9F44-A043E27675CC}.Release|iPhone.ActiveCfg = Release|x86
		{672D56DF-8AE6-4FCE-9F44-A043E27675CC}.Release|iPhoneSimulator.ActiveCfg = Release|x86
		{672D56DF-8AE6-4FCE-9F44-A043E27675CC}.Release|x64.ActiveCfg = Release|x64
		{672D56DF-8AE6-4FCE-9F44-A043E27675CC}.Release|x64.Build.0 = Release|x64
		{672D56DF-8AE6-4FCE-9F44-A043E27675CC}.Release|x64.Deploy.0 = Release|x64
		{672D56DF-8AE6-4FCE-9F44-A043E27675CC}.Release|x86.ActiveCfg = Release|x86
		{672D56DF-8AE6-4FCE-9F44-A043E27675CC}.Release|x86.Build.0 = Release|x86
		{672D56DF-8AE6-4FCE-9F44-A043E27675CC}.Release|x86.Deploy.0 = Release|x86
		{D7C7EAA6-ED59-4A0E-B40E-14825668FDF1}.Ad-Hoc|Any CPU.ActiveCfg = Ad-Hoc|iPhone
		{D7C7EAA6-ED59-4A0E-B40E-14825668FDF1}.Ad-Hoc|ARM.ActiveCfg = Ad-Hoc|iPhone
		{D7C7EAA6-ED59-4A0E-B40E-14825668FDF1}.Ad-Hoc|iPhone.ActiveCfg = Ad-Hoc|iPhone
		{D7C7EAA6-ED59-4A0E-B40E-14825668FDF1}.Ad-Hoc|iPhone.Build.0 = Ad-Hoc|iPhone
		{D7C7EAA6-ED59-4A0E-B40E-14825668FDF1}.Ad-Hoc|iPhoneSimulator.ActiveCfg = Ad-Hoc|iPhoneSimulator
		{D7C7EAA6-ED59-4A0E-B40E-14825668FDF1}.Ad-Hoc|iPhoneSimulator.Build.0 = Ad-Hoc|iPhoneSimulator
		{D7C7EAA6-ED59-4A0E-B40E-14825668FDF1}.Ad-Hoc|x64.ActiveCfg = Ad-Hoc|iPhone
		{D7C7EAA6-ED59-4A0E-B40E-14825668FDF1}.Ad-Hoc|x86.ActiveCfg = Ad-Hoc|iPhone
		{D7C7EAA6-ED59-4A0E-B40E-14825668FDF1}.AppStore|Any CPU.ActiveCfg = AppStore|iPhone
		{D7C7EAA6-ED59-4A0E-B40E-14825668FDF1}.AppStore|ARM.ActiveCfg = AppStore|iPhone
		{D7C7EAA6-ED59-4A0E-B40E-14825668FDF1}.AppStore|iPhone.ActiveCfg = AppStore|iPhone
		{D7C7EAA6-ED59-4A0E-B40E-14825668FDF1}.AppStore|iPhone.Build.0 = AppStore|iPhone
		{D7C7EAA6-ED59-4A0E-B40E-14825668FDF1}.AppStore|iPhoneSimulator.ActiveCfg = AppStore|iPhoneSimulator
		{D7C7EAA6-ED59-4A0E-B40E-14825668FDF1}.AppStore|iPhoneSimulator.Build.0 = AppStore|iPhoneSimulator
		{D7C7EAA6-ED59-4A0E-B40E-14825668FDF1}.AppStore|x64.ActiveCfg = AppStore|iPhone
		{D7C7EAA6-ED59-4A0E-B40E-14825668FDF1}.AppStore|x86.ActiveCfg = AppStore|iPhone
		{D7C7EAA6-ED59-4A0E-B40E-14825668FDF1}.Debug|Any CPU.ActiveCfg = Debug|iPhone
		{D7C7EAA6-ED59-4A0E-B40E-14825668FDF1}.Debug|ARM.ActiveCfg = Debug|iPhone
		{D7C7EAA6-ED59-4A0E-B40E-14825668FDF1}.Debug|iPhone.ActiveCfg = Debug|iPhone
		{D7C7EAA6-ED59-4A0E-B40E-14825668FDF1}.Debug|iPhone.Build.0 = Debug|iPhone
		{D7C7EAA6-ED59-4A0E-B40E-14825668FDF1}.Debug|iPhoneSimulator.ActiveCfg = Debug|iPhoneSimulator
		{D7C7EAA6-ED59-4A0E-B40E-14825668FDF1}.Debug|iPhoneSimulator.Build.0 = Debug|iPhoneSimulator
		{D7C7EAA6-ED59-4A0E-B40E-14825668FDF1}.Debug|x64.ActiveCfg = Debug|iPhone
		{D7C7EAA6-ED59-4A0E-B40E-14825668FDF1}.Debug|x86.ActiveCfg = Debug|iPhone
		{D7C7EAA6-ED59-4A0E-B40E-14825668FDF1}.Release|Any CPU.ActiveCfg = Release|iPhone
		{D7C7EAA6-ED59-4A0E-B40E-14825668FDF1}.Release|ARM.ActiveCfg = Release|iPhone
		{D7C7EAA6-ED59-4A0E-B40E-14825668FDF1}.Release|iPhone.ActiveCfg = Release|iPhone
		{D7C7EAA6-ED59-4A0E-B40E-14825668FDF1}.Release|iPhone.Build.0 = Release|iPhone
		{D7C7EAA6-ED59-4A0E-B40E-14825668FDF1}.Release|iPhoneSimulator.ActiveCfg = Release|iPhoneSimulator
		{D7C7EAA6-ED59-4A0E-B40E-14825668FDF1}.Release|iPhoneSimulator.Build.0 = Release|iPhoneSimulator
		{D7C7EAA6-ED59-4A0E-B40E-14825668FDF1}.Release|x64.ActiveCfg = Release|iPhone
		{D7C7EAA6-ED59-4A0E-B40E-14825668FDF1}.Release|x86.ActiveCfg = Release|iPhone
		{104C489E-3986-491B-ACEA-AA4D68A172CF}.Ad-Hoc|Any CPU.ActiveCfg = Release|Any CPU
		{104C489E-3986-491B-ACEA-AA4D68A172CF}.Ad-Hoc|Any CPU.Build.0 = Release|Any CPU
		{104C489E-3986-491B-ACEA-AA4D68A172CF}.Ad-Hoc|ARM.ActiveCfg = Release|Any CPU
		{104C489E-3986-491B-ACEA-AA4D68A172CF}.Ad-Hoc|ARM.Build.0 = Release|Any CPU
		{104C489E-3986-491B-ACEA-AA4D68A172CF}.Ad-Hoc|iPhone.ActiveCfg = Release|Any CPU
		{104C489E-3986-491B-ACEA-AA4D68A172CF}.Ad-Hoc|iPhone.Build.0 = Release|Any CPU
		{104C489E-3986-491B-ACEA-AA4D68A172CF}.Ad-Hoc|iPhoneSimulator.ActiveCfg = Release|Any CPU
		{104C489E-3986-491B-ACEA-AA4D68A172CF}.Ad-Hoc|iPhoneSimulator.Build.0 = Release|Any CPU
		{104C489E-3986-491B-ACEA-AA4D68A172CF}.Ad-Hoc|x64.ActiveCfg = Release|Any CPU
		{104C489E-3986-491B-ACEA-AA4D68A172CF}.Ad-Hoc|x64.Build.0 = Release|Any CPU
		{104C489E-3986-491B-ACEA-AA4D68A172CF}.Ad-Hoc|x86.ActiveCfg = Release|Any CPU
		{104C489E-3986-491B-ACEA-AA4D68A172CF}.Ad-Hoc|x86.Build.0 = Release|Any CPU
		{104C489E-3986-491B-ACEA-AA4D68A172CF}.AppStore|Any CPU.ActiveCfg = Release|Any CPU
		{104C489E-3986-491B-ACEA-AA4D68A172CF}.AppStore|Any CPU.Build.0 = Release|Any CPU
		{104C489E-3986-491B-ACEA-AA4D68A172CF}.AppStore|ARM.ActiveCfg = Release|Any CPU
		{104C489E-3986-491B-ACEA-AA4D68A172CF}.AppStore|ARM.Build.0 = Release|Any CPU
		{104C489E-3986-491B-ACEA-AA4D68A172CF}.AppStore|iPhone.ActiveCfg = Release|Any CPU
		{104C489E-3986-491B-ACEA-AA4D68A172CF}.AppStore|iPhone.Build.0 = Release|Any CPU
		{104C489E-3986-491B-ACEA-AA4D68A172CF}.AppStore|iPhoneSimulator.ActiveCfg = Release|Any CPU
		{104C489E-3986-491B-ACEA-AA4D68A172CF}.AppStore|iPhoneSimulator.Build.0 = Release|Any CPU
		{104C489E-3986-491B-ACEA-AA4D68A172CF}.AppStore|x64.ActiveCfg = Release|Any CPU
		{104C489E-3986-491B-ACEA-AA4D68A172CF}.AppStore|x64.Build.0 = Release|Any CPU
		{104C489E-3986-491B-ACEA-AA4D68A172CF}.AppStore|x86.ActiveCfg = Release|Any CPU
		{104C489E-3986-491B-ACEA-AA4D68A172CF}.AppStore|x86.Build.0 = Release|Any CPU
		{104C489E-3986-491B-ACEA-AA4D68A172CF}.Debug|Any CPU.ActiveCfg = Debug|Any CPU
		{104C489E-3986-491B-ACEA-AA4D68A172CF}.Debug|Any CPU.Build.0 = Debug|Any CPU
		{104C489E-3986-491B-ACEA-AA4D68A172CF}.Debug|ARM.ActiveCfg = Debug|Any CPU
		{104C489E-3986-491B-ACEA-AA4D68A172CF}.Debug|ARM.Build.0 = Debug|Any CPU
		{104C489E-3986-491B-ACEA-AA4D68A172CF}.Debug|iPhone.ActiveCfg = Debug|Any CPU
		{104C489E-3986-491B-ACEA-AA4D68A172CF}.Debug|iPhone.Build.0 = Debug|Any CPU
		{104C489E-3986-491B-ACEA-AA4D68A172CF}.Debug|iPhoneSimulator.ActiveCfg = Debug|Any CPU
		{104C489E-3986-491B-ACEA-AA4D68A172CF}.Debug|iPhoneSimulator.Build.0 = Debug|Any CPU
		{104C489E-3986-491B-ACEA-AA4D68A172CF}.Debug|x64.ActiveCfg = Debug|Any CPU
		{104C489E-3986-491B-ACEA-AA4D68A172CF}.Debug|x64.Build.0 = Debug|Any CPU
		{104C489E-3986-491B-ACEA-AA4D68A172CF}.Debug|x86.ActiveCfg = Debug|Any CPU
		{104C489E-3986-491B-ACEA-AA4D68A172CF}.Debug|x86.Build.0 = Debug|Any CPU
		{104C489E-3986-491B-ACEA-AA4D68A172CF}.Release|Any CPU.ActiveCfg = Release|Any CPU
		{104C489E-3986-491B-ACEA-AA4D68A172CF}.Release|Any CPU.Build.0 = Release|Any CPU
		{104C489E-3986-491B-ACEA-AA4D68A172CF}.Release|ARM.ActiveCfg = Release|Any CPU
		{104C489E-3986-491B-ACEA-AA4D68A172CF}.Release|ARM.Build.0 = Release|Any CPU
		{104C489E-3986-491B-ACEA-AA4D68A172CF}.Release|iPhone.ActiveCfg = Release|Any CPU
		{104C489E-3986-491B-ACEA-AA4D68A172CF}.Release|iPhone.Build.0 = Release|Any CPU
		{104C489E-3986-491B-ACEA-AA4D68A172CF}.Release|iPhoneSimulator.ActiveCfg = Release|Any CPU
		{104C489E-3986-491B-ACEA-AA4D68A172CF}.Release|iPhoneSimulator.Build.0 = Release|Any CPU
		{104C489E-3986-491B-ACEA-AA4D68A172CF}.Release|x64.ActiveCfg = Release|Any CPU
		{104C489E-3986-491B-ACEA-AA4D68A172CF}.Release|x64.Build.0 = Release|Any CPU
		{104C489E-3986-491B-ACEA-AA4D68A172CF}.Release|x86.ActiveCfg = Release|Any CPU
		{104C489E-3986-491B-ACEA-AA4D68A172CF}.Release|x86.Build.0 = Release|Any CPU
		{93BFC07A-A6FF-435D-B922-B6115D0CF150}.Ad-Hoc|Any CPU.ActiveCfg = Debug|Any CPU
		{93BFC07A-A6FF-435D-B922-B6115D0CF150}.Ad-Hoc|Any CPU.Build.0 = Debug|Any CPU
		{93BFC07A-A6FF-435D-B922-B6115D0CF150}.Ad-Hoc|Any CPU.Deploy.0 = Debug|Any CPU
		{93BFC07A-A6FF-435D-B922-B6115D0CF150}.Ad-Hoc|ARM.ActiveCfg = Debug|Any CPU
		{93BFC07A-A6FF-435D-B922-B6115D0CF150}.Ad-Hoc|ARM.Build.0 = Debug|Any CPU
		{93BFC07A-A6FF-435D-B922-B6115D0CF150}.Ad-Hoc|ARM.Deploy.0 = Debug|Any CPU
		{93BFC07A-A6FF-435D-B922-B6115D0CF150}.Ad-Hoc|iPhone.ActiveCfg = Debug|Any CPU
		{93BFC07A-A6FF-435D-B922-B6115D0CF150}.Ad-Hoc|iPhone.Build.0 = Debug|Any CPU
		{93BFC07A-A6FF-435D-B922-B6115D0CF150}.Ad-Hoc|iPhone.Deploy.0 = Debug|Any CPU
		{93BFC07A-A6FF-435D-B922-B6115D0CF150}.Ad-Hoc|iPhoneSimulator.ActiveCfg = Debug|Any CPU
		{93BFC07A-A6FF-435D-B922-B6115D0CF150}.Ad-Hoc|iPhoneSimulator.Build.0 = Debug|Any CPU
		{93BFC07A-A6FF-435D-B922-B6115D0CF150}.Ad-Hoc|iPhoneSimulator.Deploy.0 = Debug|Any CPU
		{93BFC07A-A6FF-435D-B922-B6115D0CF150}.Ad-Hoc|x64.ActiveCfg = Debug|Any CPU
		{93BFC07A-A6FF-435D-B922-B6115D0CF150}.Ad-Hoc|x64.Build.0 = Debug|Any CPU
		{93BFC07A-A6FF-435D-B922-B6115D0CF150}.Ad-Hoc|x64.Deploy.0 = Debug|Any CPU
		{93BFC07A-A6FF-435D-B922-B6115D0CF150}.Ad-Hoc|x86.ActiveCfg = Debug|Any CPU
		{93BFC07A-A6FF-435D-B922-B6115D0CF150}.Ad-Hoc|x86.Build.0 = Debug|Any CPU
		{93BFC07A-A6FF-435D-B922-B6115D0CF150}.Ad-Hoc|x86.Deploy.0 = Debug|Any CPU
		{93BFC07A-A6FF-435D-B922-B6115D0CF150}.AppStore|Any CPU.ActiveCfg = Debug|Any CPU
		{93BFC07A-A6FF-435D-B922-B6115D0CF150}.AppStore|Any CPU.Build.0 = Debug|Any CPU
		{93BFC07A-A6FF-435D-B922-B6115D0CF150}.AppStore|Any CPU.Deploy.0 = Debug|Any CPU
		{93BFC07A-A6FF-435D-B922-B6115D0CF150}.AppStore|ARM.ActiveCfg = Debug|Any CPU
		{93BFC07A-A6FF-435D-B922-B6115D0CF150}.AppStore|ARM.Build.0 = Debug|Any CPU
		{93BFC07A-A6FF-435D-B922-B6115D0CF150}.AppStore|ARM.Deploy.0 = Debug|Any CPU
		{93BFC07A-A6FF-435D-B922-B6115D0CF150}.AppStore|iPhone.ActiveCfg = Debug|Any CPU
		{93BFC07A-A6FF-435D-B922-B6115D0CF150}.AppStore|iPhone.Build.0 = Debug|Any CPU
		{93BFC07A-A6FF-435D-B922-B6115D0CF150}.AppStore|iPhone.Deploy.0 = Debug|Any CPU
		{93BFC07A-A6FF-435D-B922-B6115D0CF150}.AppStore|iPhoneSimulator.ActiveCfg = Debug|Any CPU
		{93BFC07A-A6FF-435D-B922-B6115D0CF150}.AppStore|iPhoneSimulator.Build.0 = Debug|Any CPU
		{93BFC07A-A6FF-435D-B922-B6115D0CF150}.AppStore|iPhoneSimulator.Deploy.0 = Debug|Any CPU
		{93BFC07A-A6FF-435D-B922-B6115D0CF150}.AppStore|x64.ActiveCfg = Debug|Any CPU
		{93BFC07A-A6FF-435D-B922-B6115D0CF150}.AppStore|x64.Build.0 = Debug|Any CPU
		{93BFC07A-A6FF-435D-B922-B6115D0CF150}.AppStore|x64.Deploy.0 = Debug|Any CPU
		{93BFC07A-A6FF-435D-B922-B6115D0CF150}.AppStore|x86.ActiveCfg = Debug|Any CPU
		{93BFC07A-A6FF-435D-B922-B6115D0CF150}.AppStore|x86.Build.0 = Debug|Any CPU
		{93BFC07A-A6FF-435D-B922-B6115D0CF150}.AppStore|x86.Deploy.0 = Debug|Any CPU
		{93BFC07A-A6FF-435D-B922-B6115D0CF150}.Debug|Any CPU.ActiveCfg = Debug|Any CPU
		{93BFC07A-A6FF-435D-B922-B6115D0CF150}.Debug|Any CPU.Build.0 = Debug|Any CPU
		{93BFC07A-A6FF-435D-B922-B6115D0CF150}.Debug|Any CPU.Deploy.0 = Debug|Any CPU
		{93BFC07A-A6FF-435D-B922-B6115D0CF150}.Debug|ARM.ActiveCfg = Debug|Any CPU
		{93BFC07A-A6FF-435D-B922-B6115D0CF150}.Debug|ARM.Build.0 = Debug|Any CPU
		{93BFC07A-A6FF-435D-B922-B6115D0CF150}.Debug|ARM.Deploy.0 = Debug|Any CPU
		{93BFC07A-A6FF-435D-B922-B6115D0CF150}.Debug|iPhone.ActiveCfg = Debug|Any CPU
		{93BFC07A-A6FF-435D-B922-B6115D0CF150}.Debug|iPhone.Build.0 = Debug|Any CPU
		{93BFC07A-A6FF-435D-B922-B6115D0CF150}.Debug|iPhone.Deploy.0 = Debug|Any CPU
		{93BFC07A-A6FF-435D-B922-B6115D0CF150}.Debug|iPhoneSimulator.ActiveCfg = Debug|Any CPU
		{93BFC07A-A6FF-435D-B922-B6115D0CF150}.Debug|iPhoneSimulator.Build.0 = Debug|Any CPU
		{93BFC07A-A6FF-435D-B922-B6115D0CF150}.Debug|iPhoneSimulator.Deploy.0 = Debug|Any CPU
		{93BFC07A-A6FF-435D-B922-B6115D0CF150}.Debug|x64.ActiveCfg = Debug|Any CPU
		{93BFC07A-A6FF-435D-B922-B6115D0CF150}.Debug|x64.Build.0 = Debug|Any CPU
		{93BFC07A-A6FF-435D-B922-B6115D0CF150}.Debug|x64.Deploy.0 = Debug|Any CPU
		{93BFC07A-A6FF-435D-B922-B6115D0CF150}.Debug|x86.ActiveCfg = Debug|Any CPU
		{93BFC07A-A6FF-435D-B922-B6115D0CF150}.Debug|x86.Build.0 = Debug|Any CPU
		{93BFC07A-A6FF-435D-B922-B6115D0CF150}.Debug|x86.Deploy.0 = Debug|Any CPU
		{93BFC07A-A6FF-435D-B922-B6115D0CF150}.Release|Any CPU.ActiveCfg = Release|Any CPU
		{93BFC07A-A6FF-435D-B922-B6115D0CF150}.Release|Any CPU.Build.0 = Release|Any CPU
		{93BFC07A-A6FF-435D-B922-B6115D0CF150}.Release|Any CPU.Deploy.0 = Release|Any CPU
		{93BFC07A-A6FF-435D-B922-B6115D0CF150}.Release|ARM.ActiveCfg = Release|Any CPU
		{93BFC07A-A6FF-435D-B922-B6115D0CF150}.Release|ARM.Build.0 = Release|Any CPU
		{93BFC07A-A6FF-435D-B922-B6115D0CF150}.Release|ARM.Deploy.0 = Release|Any CPU
		{93BFC07A-A6FF-435D-B922-B6115D0CF150}.Release|iPhone.ActiveCfg = Release|Any CPU
		{93BFC07A-A6FF-435D-B922-B6115D0CF150}.Release|iPhone.Build.0 = Release|Any CPU
		{93BFC07A-A6FF-435D-B922-B6115D0CF150}.Release|iPhone.Deploy.0 = Release|Any CPU
		{93BFC07A-A6FF-435D-B922-B6115D0CF150}.Release|iPhoneSimulator.ActiveCfg = Release|Any CPU
		{93BFC07A-A6FF-435D-B922-B6115D0CF150}.Release|iPhoneSimulator.Build.0 = Release|Any CPU
		{93BFC07A-A6FF-435D-B922-B6115D0CF150}.Release|iPhoneSimulator.Deploy.0 = Release|Any CPU
		{93BFC07A-A6FF-435D-B922-B6115D0CF150}.Release|x64.ActiveCfg = Release|Any CPU
		{93BFC07A-A6FF-435D-B922-B6115D0CF150}.Release|x64.Build.0 = Release|Any CPU
		{93BFC07A-A6FF-435D-B922-B6115D0CF150}.Release|x64.Deploy.0 = Release|Any CPU
		{93BFC07A-A6FF-435D-B922-B6115D0CF150}.Release|x86.ActiveCfg = Release|Any CPU
		{93BFC07A-A6FF-435D-B922-B6115D0CF150}.Release|x86.Build.0 = Release|Any CPU
		{93BFC07A-A6FF-435D-B922-B6115D0CF150}.Release|x86.Deploy.0 = Release|Any CPU
	EndGlobalSection
	GlobalSection(SolutionProperties) = preSolution
		HideSolutionNode = FALSE
	EndGlobalSection
	GlobalSection(NestedProjects) = preSolution
		{B0EE4C06-AF0F-4DCA-9619-E4759527139C} = {C31E6192-17A9-40A3-AA37-B0C140211DE7}
		{8B7203A3-E206-40E4-8271-3BFEA920720A} = {C31E6192-17A9-40A3-AA37-B0C140211DE7}
		{672D56DF-8AE6-4FCE-9F44-A043E27675CC} = {C31E6192-17A9-40A3-AA37-B0C140211DE7}
		{D7C7EAA6-ED59-4A0E-B40E-14825668FDF1} = {C31E6192-17A9-40A3-AA37-B0C140211DE7}
	EndGlobalSection
	GlobalSection(ExtensibilityGlobals) = postSolution
		SolutionGuid = {E3409271-4F97-4164-A0C6-29666E33047A}
	EndGlobalSection
EndGlobal
